
Microsoft Visual Studio Solution File, Format Version 12.00
# Visual Studio 14
VisualStudioVersion = 14.0.25420.1
MinimumVisualStudioVersion = 10.0.40219.1
Project("{FAE04EC0-301F-11D3-BF4B-00C04F79EFBC}") = "Capa Presentacion", "Sistema_Mercenarios\Capa Presentacion.csproj", "{6EF30161-9B68-44B4-97A7-904F8FE2A10F}"
EndProject
Project("{FAE04EC0-301F-11D3-BF4B-00C04F79EFBC}") = "Capa Negocio", "Capa Negocio\Capa Negocio.csproj", "{DFCBF84E-797D-4322-BA98-D9635BF099C4}"
EndProject
Project("{FAE04EC0-301F-11D3-BF4B-00C04F79EFBC}") = "Capa Datos", "Capa Datos\Capa Datos.csproj", "{8B732A92-BC13-4C33-AFC4-85019ECB6AC0}"
EndProject
Global
	GlobalSection(SolutionConfigurationPlatforms) = preSolution
		Debug|Any CPU = Debug|Any CPU
		Release|Any CPU = Release|Any CPU
	EndGlobalSection
	GlobalSection(ProjectConfigurationPlatforms) = postSolution
		{6EF30161-9B68-44B4-97A7-904F8FE2A10F}.Debug|Any CPU.ActiveCfg = Debug|Any CPU
		{6EF30161-9B68-44B4-97A7-904F8FE2A10F}.Debug|Any CPU.Build.0 = Debug|Any CPU
		{6EF30161-9B68-44B4-97A7-904F8FE2A10F}.Release|Any CPU.ActiveCfg = Release|Any CPU
		{6EF30161-9B68-44B4-97A7-904F8FE2A10F}.Release|Any CPU.Build.0 = Release|Any CPU
		{DFCBF84E-797D-4322-BA98-D9635BF099C4}.Debug|Any CPU.ActiveCfg = Debug|Any CPU
		{DFCBF84E-797D-4322-BA98-D9635BF099C4}.Debug|Any CPU.Build.0 = Debug|Any CPU
		{DFCBF84E-797D-4322-BA98-D9635BF099C4}.Release|Any CPU.ActiveCfg = Release|Any CPU
		{DFCBF84E-797D-4322-BA98-D9635BF099C4}.Release|Any CPU.Build.0 = Release|Any CPU
		{8B732A92-BC13-4C33-AFC4-85019ECB6AC0}.Debug|Any CPU.ActiveCfg = Debug|Any CPU
		{8B732A92-BC13-4C33-AFC4-85019ECB6AC0}.Debug|Any CPU.Build.0 = Debug|Any CPU
		{8B732A92-BC13-4C33-AFC4-85019ECB6AC0}.Release|Any CPU.ActiveCfg = Release|Any CPU
		{8B732A92-BC13-4C33-AFC4-85019ECB6AC0}.Release|Any CPU.Build.0 = Release|Any CPU
	EndGlobalSection
	GlobalSection(SolutionProperties) = preSolution
		HideSolutionNode = FALSE
	EndGlobalSection
EndGlobal
